
Microsoft Visual Studio Solution File, Format Version 12.00
# Visual Studio Version 17
VisualStudioVersion = 17.2.32630.192
MinimumVisualStudioVersion = 10.0.40219.1
Project("{9A19103F-16F7-4668-BE54-9A1E7A4F7556}") = "R5T.Z0043.Construction", "R5T.Z0043.Construction\R5T.Z0043.Construction.csproj", "{F7CDF211-0B34-42C3-AA6E-783EB7D2F770}"
EndProject
Project("{9A19103F-16F7-4668-BE54-9A1E7A4F7556}") = "R5T.Z0043", "R5T.Z0043\R5T.Z0043.csproj", "{D5B9E197-B4A8-4DA6-A24F-75AF3A130161}"
EndProject
Project("{2150E333-8FDC-42A3-9474-1A3956D46DE8}") = "_Dependencies", "_Dependencies", "{3C335BD1-4C31-4235-A8B5-721CA323182B}"
EndProject
Project("{9A19103F-16F7-4668-BE54-9A1E7A4F7556}") = "R5T.T0132", "..\..\R5T.T0132\source\R5T.T0132\R5T.T0132.csproj", "{AE5F6A36-EA23-4722-B80C-334428C4BA68}"
EndProject
Project("{9A19103F-16F7-4668-BE54-9A1E7A4F7556}") = "R5T.T0143", "..\..\R5T.T0143\source\R5T.T0143\R5T.T0143.csproj", "{42661E5E-CD87-4A91-BDDE-B7B79B21C05C}"
EndProject
Project("{9A19103F-16F7-4668-BE54-9A1E7A4F7556}") = "R5T.T0178", "..\..\R5T.T0178\source\R5T.T0178\R5T.T0178.csproj", "{BB4F1B96-FC2C-4FF3-9741-102254EA4B5B}"
EndProject
Project("{9A19103F-16F7-4668-BE54-9A1E7A4F7556}") = "R5T.T0179", "..\..\R5T.T0179\source\R5T.T0179\R5T.T0179.csproj", "{AAE2E067-9A75-4D91-A8FA-399B29FE98FB}"
EndProject
Project("{9A19103F-16F7-4668-BE54-9A1E7A4F7556}") = "R5T.T0184", "..\..\R5T.T0184\source\R5T.T0184\R5T.T0184.csproj", "{AD71F306-D3C9-4556-88C3-D6EB7005C371}"
EndProject
Project("{9A19103F-16F7-4668-BE54-9A1E7A4F7556}") = "R5T.T0185", "..\..\R5T.T0185\source\R5T.T0185\R5T.T0185.csproj", "{9C59AE3A-2753-4253-8478-741FC718F09B}"
EndProject
Project("{9A19103F-16F7-4668-BE54-9A1E7A4F7556}") = "R5T.T0186", "..\..\R5T.T0186\source\R5T.T0186\R5T.T0186.csproj", "{4685BAC8-C6CC-40F5-8CDF-69617AF738DE}"
EndProject
Project("{9A19103F-16F7-4668-BE54-9A1E7A4F7556}") = "R5T.T0131", "..\..\R5T.T0131\source\R5T.T0131\R5T.T0131.csproj", "{5270490E-5D5A-4D5C-9148-0D12FE6ECEE8}"
EndProject
Project("{9A19103F-16F7-4668-BE54-9A1E7A4F7556}") = "R5T.Z0043.Z000", "R5T.Z0043.Z000\R5T.Z0043.Z000.csproj", "{6B5C70E7-6618-46C0-B51B-977C1D4BC5B5}"
EndProject
Project("{9A19103F-16F7-4668-BE54-9A1E7A4F7556}") = "R5T.F0000", "..\..\R5T.F0000\source\R5T.F0000\R5T.F0000.csproj", "{836CE1AE-CB4F-432D-B8C4-D10435B2A192}"
EndProject
Project("{9A19103F-16F7-4668-BE54-9A1E7A4F7556}") = "R5T.F0002", "..\..\R5T.F0002\source\R5T.F0002\R5T.F0002.csproj", "{0B031407-7552-4927-B07E-B3FFF8FAB378}"
EndProject
Project("{9A19103F-16F7-4668-BE54-9A1E7A4F7556}") = "R5T.F0059", "..\..\R5T.F0059\source\R5T.F0059\R5T.F0059.csproj", "{89D4437B-6818-4A0D-8F88-8498E546D85D}"
EndProject
Project("{9A19103F-16F7-4668-BE54-9A1E7A4F7556}") = "R5T.F0120", "..\..\R5T.F0120\source\R5T.F0120\R5T.F0120.csproj", "{8C9C3901-AA2A-4D09-9AFD-FED02B9AB1A3}"
EndProject
Project("{9A19103F-16F7-4668-BE54-9A1E7A4F7556}") = "R5T.F0124", "..\..\R5T.F0124\source\R5T.F0124\R5T.F0124.csproj", "{25B54B7B-3C8B-4D66-BE80-258ADFB82E31}"
EndProject
Project("{9A19103F-16F7-4668-BE54-9A1E7A4F7556}") = "R5T.F0125", "..\..\R5T.F0125\source\R5T.F0125\R5T.F0125.csproj", "{10847600-F59F-4AE0-B687-2F855E29ADDE}"
EndProject
Project("{9A19103F-16F7-4668-BE54-9A1E7A4F7556}") = "R5T.L0030.T000", "..\..\R5T.L0030\source\R5T.L0030.T000\R5T.L0030.T000.csproj", "{E653E964-82BA-47C0-951D-AB538D42AC77}"
EndProject
Project("{9A19103F-16F7-4668-BE54-9A1E7A4F7556}") = "R5T.L0030", "..\..\R5T.L0030\source\R5T.L0030\R5T.L0030.csproj", "{9C905DB5-0F13-4D10-9DCF-2C798FE97957}"
EndProject
Project("{9A19103F-16F7-4668-BE54-9A1E7A4F7556}") = "R5T.L0034", "..\..\R5T.L0034\source\R5T.L0034\R5T.L0034.csproj", "{DB5434D0-43BF-4A97-975B-B181AD944470}"
EndProject
Project("{9A19103F-16F7-4668-BE54-9A1E7A4F7556}") = "R5T.L0035", "..\..\R5T.L0035\source\R5T.L0035\R5T.L0035.csproj", "{A768643B-3447-436A-A1FD-7254EF4E9570}"
EndProject
Project("{9A19103F-16F7-4668-BE54-9A1E7A4F7556}") = "R5T.L0053", "..\..\R5T.L0053\source\R5T.L0053\R5T.L0053.csproj", "{F52559FB-0D5D-4C19-BB3A-C61FB4A5E68E}"
EndProject
Project("{9A19103F-16F7-4668-BE54-9A1E7A4F7556}") = "R5T.L0056", "..\..\R5T.L0056\source\R5T.L0056\R5T.L0056.csproj", "{430221E5-0316-4068-ACBA-886A830FE909}"
EndProject
Project("{9A19103F-16F7-4668-BE54-9A1E7A4F7556}") = "R5T.L0066", "..\..\R5T.L0066\source\R5T.L0066\R5T.L0066.csproj", "{CBE59DCC-E2F3-4A2D-9E16-8857AC30EA2A}"
EndProject
Project("{9A19103F-16F7-4668-BE54-9A1E7A4F7556}") = "R5T.L0071", "..\..\R5T.L0071\source\R5T.L0071\R5T.L0071.csproj", "{44B90BCD-A081-47B7-A52B-93D55112B9C0}"
EndProject
Project("{9A19103F-16F7-4668-BE54-9A1E7A4F7556}") = "R5T.L0074", "..\..\R5T.L0074\source\R5T.L0074\R5T.L0074.csproj", "{570E3A59-3850-4F29-B084-00650A0235FC}"
EndProject
Project("{9A19103F-16F7-4668-BE54-9A1E7A4F7556}") = "R5T.NG0006", "..\..\R5T.NG0006\source\R5T.NG0006\R5T.NG0006.csproj", "{24AD225B-E775-4FDA-B031-49CE224A0044}"
EndProject
Project("{9A19103F-16F7-4668-BE54-9A1E7A4F7556}") = "R5T.NG0022", "..\..\R5T.NG0022\source\R5T.NG0022\R5T.NG0022.csproj", "{4C1E023D-F026-44EE-BE99-E20E561ED4C3}"
EndProject
Project("{9A19103F-16F7-4668-BE54-9A1E7A4F7556}") = "R5T.T0142", "..\..\R5T.T0142\source\R5T.T0142\R5T.T0142.csproj", "{80F25329-1236-4E2F-9A77-7E01F6F81D6B}"
EndProject
Project("{9A19103F-16F7-4668-BE54-9A1E7A4F7556}") = "R5T.T0150", "..\..\R5T.T0150\source\R5T.T0150\R5T.T0150.csproj", "{A4D1296B-BC9A-4EF3-9325-515C3FB03C83}"
EndProject
Project("{9A19103F-16F7-4668-BE54-9A1E7A4F7556}") = "R5T.T0151", "..\..\R5T.T0151\source\R5T.T0151\R5T.T0151.csproj", "{FE43939C-80D9-437B-8672-17FC60487CBC}"
EndProject
Project("{9A19103F-16F7-4668-BE54-9A1E7A4F7556}") = "R5T.T0156", "..\..\R5T.T0156\source\R5T.T0156\R5T.T0156.csproj", "{F8A68C8A-2784-424A-99AC-7525FE21BB31}"
EndProject
Project("{9A19103F-16F7-4668-BE54-9A1E7A4F7556}") = "R5T.T0158", "..\..\R5T.T0158\source\R5T.T0158\R5T.T0158.csproj", "{4414C317-8078-4A67-B8CF-767EA082CA37}"
EndProject
Project("{9A19103F-16F7-4668-BE54-9A1E7A4F7556}") = "R5T.T0159", "..\..\R5T.T0159\source\R5T.T0159\R5T.T0159.csproj", "{734FCE6C-C628-4EA8-A62E-DEA4A7EC6421}"
EndProject
Project("{9A19103F-16F7-4668-BE54-9A1E7A4F7556}") = "R5T.T0172", "..\..\R5T.T0172\source\R5T.T0172\R5T.T0172.csproj", "{C64CC13E-C98B-4DA1-8751-62673CB7D578}"
EndProject
Project("{9A19103F-16F7-4668-BE54-9A1E7A4F7556}") = "R5T.T0174", "..\..\R5T.T0174\source\R5T.T0174\R5T.T0174.csproj", "{15850E21-0E0B-43CD-9FF2-81D846014198}"
EndProject
Project("{9A19103F-16F7-4668-BE54-9A1E7A4F7556}") = "R5T.T0176", "..\..\R5T.T0176\source\R5T.T0176\R5T.T0176.csproj", "{A9EFAEFF-3EC7-420C-BE21-800BDF9E4220}"
EndProject
Project("{9A19103F-16F7-4668-BE54-9A1E7A4F7556}") = "R5T.T0177", "..\..\R5T.T0177\source\R5T.T0177\R5T.T0177.csproj", "{157401CD-E058-4218-A856-530136FE6E63}"
EndProject
Project("{9A19103F-16F7-4668-BE54-9A1E7A4F7556}") = "R5T.T0180", "..\..\R5T.T0180\source\R5T.T0180\R5T.T0180.csproj", "{D8BFD04F-EC85-4D9A-9D25-5CA3818387A3}"
EndProject
Project("{9A19103F-16F7-4668-BE54-9A1E7A4F7556}") = "R5T.T0181", "..\..\R5T.T0181\source\R5T.T0181\R5T.T0181.csproj", "{6FE90FAD-73B5-44AD-AFFB-397E7540FEE2}"
EndProject
Project("{9A19103F-16F7-4668-BE54-9A1E7A4F7556}") = "R5T.T0199.T000", "..\..\R5T.T0199\source\R5T.T0199.T000\R5T.T0199.T000.csproj", "{4DA9957F-FCF0-4566-8436-2F5D07D77F25}"
EndProject
Project("{9A19103F-16F7-4668-BE54-9A1E7A4F7556}") = "R5T.T0199.T001", "..\..\R5T.T0199\source\R5T.T0199.T001\R5T.T0199.T001.csproj", "{3282ABC5-6964-4648-A10B-9137019831C3}"
EndProject
Project("{9A19103F-16F7-4668-BE54-9A1E7A4F7556}") = "R5T.T0199", "..\..\R5T.T0199\source\R5T.T0199\R5T.T0199.csproj", "{4C850A59-83DD-4A8C-BF05-962A555E534A}"
EndProject
Project("{9A19103F-16F7-4668-BE54-9A1E7A4F7556}") = "R5T.T0203", "..\..\R5T.T0203\source\R5T.T0203\R5T.T0203.csproj", "{053DB588-2D87-4DF5-8151-DE3BF0DC5B95}"
EndProject
Project("{9A19103F-16F7-4668-BE54-9A1E7A4F7556}") = "R5T.T0213", "..\..\R5T.T0213\source\R5T.T0213\R5T.T0213.csproj", "{0E712106-F00B-4543-AB7F-7753F60A8539}"
EndProject
Project("{9A19103F-16F7-4668-BE54-9A1E7A4F7556}") = "R5T.T0218", "..\..\R5T.T0218\source\R5T.T0218\R5T.T0218.csproj", "{1C0C1A8D-6E31-4F4A-86FF-27BABA3EC0A0}"
EndProject
Project("{9A19103F-16F7-4668-BE54-9A1E7A4F7556}") = "R5T.T0219", "..\..\R5T.T0219\source\R5T.T0219\R5T.T0219.csproj", "{0685C714-EDFF-4D56-9BA3-453EE0962F69}"
EndProject
Project("{9A19103F-16F7-4668-BE54-9A1E7A4F7556}") = "R5T.T0220", "..\..\R5T.T0220\source\R5T.T0220\R5T.T0220.csproj", "{E02BC4C3-E7E9-4A60-8534-90EF9C2E1BEF}"
EndProject
Project("{9A19103F-16F7-4668-BE54-9A1E7A4F7556}") = "R5T.T0221", "..\..\R5T.T0221\source\R5T.T0221\R5T.T0221.csproj", "{1EE8F977-6927-42C1-BDB9-C914E1E16142}"
EndProject
Project("{9A19103F-16F7-4668-BE54-9A1E7A4F7556}") = "R5T.T0227", "..\..\R5T.T0227\source\R5T.T0227\R5T.T0227.csproj", "{9ED2B4B1-7995-4327-B3B9-2B65C788B71B}"
EndProject
Project("{9A19103F-16F7-4668-BE54-9A1E7A4F7556}") = "R5T.Y0000", "..\..\R5T.Y0000\source\R5T.Y0000\R5T.Y0000.csproj", "{FE9102C4-4D1B-4B46-AC5E-7DD957CFB30B}"
EndProject
Project("{9A19103F-16F7-4668-BE54-9A1E7A4F7556}") = "R5T.Y0006", "..\..\R5T.Y0006\source\R5T.Y0006\R5T.Y0006.csproj", "{FE637866-197D-471B-8C9D-04B85BADBE81}"
EndProject
Project("{9A19103F-16F7-4668-BE54-9A1E7A4F7556}") = "R5T.Z0000", "..\..\R5T.Z0000\source\R5T.Z0000\R5T.Z0000.csproj", "{DFF4FCE6-CB41-4AB3-9D4A-654D7B208E8E}"
EndProject
Project("{9A19103F-16F7-4668-BE54-9A1E7A4F7556}") = "R5T.Z0010.Platform", "..\..\R5T.Z0010\source\R5T.Z0010.Platform\R5T.Z0010.Platform.csproj", "{942E1936-8DE4-4B0C-A2C0-F85FA4AD5696}"
EndProject
Project("{9A19103F-16F7-4668-BE54-9A1E7A4F7556}") = "R5T.Z0010", "..\..\R5T.Z0010\source\R5T.Z0010\R5T.Z0010.csproj", "{1E7BA711-81F6-42F2-BB49-45979F9B8B58}"
EndProject
Project("{9A19103F-16F7-4668-BE54-9A1E7A4F7556}") = "R5T.Z0057.Platform", "..\..\R5T.Z0057\source\R5T.Z0057.Platform\R5T.Z0057.Platform.csproj", "{8E6753CE-86B1-4DC6-BFF0-3DC42FF5F19F}"
EndProject
Project("{9A19103F-16F7-4668-BE54-9A1E7A4F7556}") = "R5T.Z0057", "..\..\R5T.Z0057\source\R5T.Z0057\R5T.Z0057.csproj", "{FC843A30-A492-4DA8-9851-26E349B6C3EA}"
EndProject
Project("{9A19103F-16F7-4668-BE54-9A1E7A4F7556}") = "R5T.Z0058", "..\..\R5T.Z0058\source\R5T.Z0058\R5T.Z0058.csproj", "{329D21BE-DF93-41A3-BDD3-8FF1B10729B0}"
EndProject
Global
	GlobalSection(NestedProjects) = preSolution
		{AE5F6A36-EA23-4722-B80C-334428C4BA68} = {3C335BD1-4C31-4235-A8B5-721CA323182B}
		{42661E5E-CD87-4A91-BDDE-B7B79B21C05C} = {3C335BD1-4C31-4235-A8B5-721CA323182B}
		{BB4F1B96-FC2C-4FF3-9741-102254EA4B5B} = {3C335BD1-4C31-4235-A8B5-721CA323182B}
		{AAE2E067-9A75-4D91-A8FA-399B29FE98FB} = {3C335BD1-4C31-4235-A8B5-721CA323182B}
		{AD71F306-D3C9-4556-88C3-D6EB7005C371} = {3C335BD1-4C31-4235-A8B5-721CA323182B}
		{9C59AE3A-2753-4253-8478-741FC718F09B} = {3C335BD1-4C31-4235-A8B5-721CA323182B}
		{4685BAC8-C6CC-40F5-8CDF-69617AF738DE} = {3C335BD1-4C31-4235-A8B5-721CA323182B}
		{5270490E-5D5A-4D5C-9148-0D12FE6ECEE8} = {3C335BD1-4C31-4235-A8B5-721CA323182B}
		{836CE1AE-CB4F-432D-B8C4-D10435B2A192} = {3C335BD1-4C31-4235-A8B5-721CA323182B}
		{0B031407-7552-4927-B07E-B3FFF8FAB378} = {3C335BD1-4C31-4235-A8B5-721CA323182B}
		{89D4437B-6818-4A0D-8F88-8498E546D85D} = {3C335BD1-4C31-4235-A8B5-721CA323182B}
		{8C9C3901-AA2A-4D09-9AFD-FED02B9AB1A3} = {3C335BD1-4C31-4235-A8B5-721CA323182B}
		{25B54B7B-3C8B-4D66-BE80-258ADFB82E31} = {3C335BD1-4C31-4235-A8B5-721CA323182B}
		{10847600-F59F-4AE0-B687-2F855E29ADDE} = {3C335BD1-4C31-4235-A8B5-721CA323182B}
		{E653E964-82BA-47C0-951D-AB538D42AC77} = {3C335BD1-4C31-4235-A8B5-721CA323182B}
		{9C905DB5-0F13-4D10-9DCF-2C798FE97957} = {3C335BD1-4C31-4235-A8B5-721CA323182B}
		{DB5434D0-43BF-4A97-975B-B181AD944470} = {3C335BD1-4C31-4235-A8B5-721CA323182B}
		{A768643B-3447-436A-A1FD-7254EF4E9570} = {3C335BD1-4C31-4235-A8B5-721CA323182B}
		{F52559FB-0D5D-4C19-BB3A-C61FB4A5E68E} = {3C335BD1-4C31-4235-A8B5-721CA323182B}
		{430221E5-0316-4068-ACBA-886A830FE909} = {3C335BD1-4C31-4235-A8B5-721CA323182B}
		{CBE59DCC-E2F3-4A2D-9E16-8857AC30EA2A} = {3C335BD1-4C31-4235-A8B5-721CA323182B}
		{44B90BCD-A081-47B7-A52B-93D55112B9C0} = {3C335BD1-4C31-4235-A8B5-721CA323182B}
		{570E3A59-3850-4F29-B084-00650A0235FC} = {3C335BD1-4C31-4235-A8B5-721CA323182B}
		{24AD225B-E775-4FDA-B031-49CE224A0044} = {3C335BD1-4C31-4235-A8B5-721CA323182B}
		{4C1E023D-F026-44EE-BE99-E20E561ED4C3} = {3C335BD1-4C31-4235-A8B5-721CA323182B}
		{80F25329-1236-4E2F-9A77-7E01F6F81D6B} = {3C335BD1-4C31-4235-A8B5-721CA323182B}
		{A4D1296B-BC9A-4EF3-9325-515C3FB03C83} = {3C335BD1-4C31-4235-A8B5-721CA323182B}
		{FE43939C-80D9-437B-8672-17FC60487CBC} = {3C335BD1-4C31-4235-A8B5-721CA323182B}
		{F8A68C8A-2784-424A-99AC-7525FE21BB31} = {3C335BD1-4C31-4235-A8B5-721CA323182B}
		{4414C317-8078-4A67-B8CF-767EA082CA37} = {3C335BD1-4C31-4235-A8B5-721CA323182B}
		{734FCE6C-C628-4EA8-A62E-DEA4A7EC6421} = {3C335BD1-4C31-4235-A8B5-721CA323182B}
		{C64CC13E-C98B-4DA1-8751-62673CB7D578} = {3C335BD1-4C31-4235-A8B5-721CA323182B}
		{15850E21-0E0B-43CD-9FF2-81D846014198} = {3C335BD1-4C31-4235-A8B5-721CA323182B}
		{A9EFAEFF-3EC7-420C-BE21-800BDF9E4220} = {3C335BD1-4C31-4235-A8B5-721CA323182B}
		{157401CD-E058-4218-A856-530136FE6E63} = {3C335BD1-4C31-4235-A8B5-721CA323182B}
		{D8BFD04F-EC85-4D9A-9D25-5CA3818387A3} = {3C335BD1-4C31-4235-A8B5-721CA323182B}
		{6FE90FAD-73B5-44AD-AFFB-397E7540FEE2} = {3C335BD1-4C31-4235-A8B5-721CA323182B}
		{4DA9957F-FCF0-4566-8436-2F5D07D77F25} = {3C335BD1-4C31-4235-A8B5-721CA323182B}
		{3282ABC5-6964-4648-A10B-9137019831C3} = {3C335BD1-4C31-4235-A8B5-721CA323182B}
		{4C850A59-83DD-4A8C-BF05-962A555E534A} = {3C335BD1-4C31-4235-A8B5-721CA323182B}
		{053DB588-2D87-4DF5-8151-DE3BF0DC5B95} = {3C335BD1-4C31-4235-A8B5-721CA323182B}
		{0E712106-F00B-4543-AB7F-7753F60A8539} = {3C335BD1-4C31-4235-A8B5-721CA323182B}
		{1C0C1A8D-6E31-4F4A-86FF-27BABA3EC0A0} = {3C335BD1-4C31-4235-A8B5-721CA323182B}
		{0685C714-EDFF-4D56-9BA3-453EE0962F69} = {3C335BD1-4C31-4235-A8B5-721CA323182B}
		{E02BC4C3-E7E9-4A60-8534-90EF9C2E1BEF} = {3C335BD1-4C31-4235-A8B5-721CA323182B}
		{1EE8F977-6927-42C1-BDB9-C914E1E16142} = {3C335BD1-4C31-4235-A8B5-721CA323182B}
		{9ED2B4B1-7995-4327-B3B9-2B65C788B71B} = {3C335BD1-4C31-4235-A8B5-721CA323182B}
		{FE9102C4-4D1B-4B46-AC5E-7DD957CFB30B} = {3C335BD1-4C31-4235-A8B5-721CA323182B}
		{FE637866-197D-471B-8C9D-04B85BADBE81} = {3C335BD1-4C31-4235-A8B5-721CA323182B}
		{DFF4FCE6-CB41-4AB3-9D4A-654D7B208E8E} = {3C335BD1-4C31-4235-A8B5-721CA323182B}
		{942E1936-8DE4-4B0C-A2C0-F85FA4AD5696} = {3C335BD1-4C31-4235-A8B5-721CA323182B}
		{1E7BA711-81F6-42F2-BB49-45979F9B8B58} = {3C335BD1-4C31-4235-A8B5-721CA323182B}
		{8E6753CE-86B1-4DC6-BFF0-3DC42FF5F19F} = {3C335BD1-4C31-4235-A8B5-721CA323182B}
		{FC843A30-A492-4DA8-9851-26E349B6C3EA} = {3C335BD1-4C31-4235-A8B5-721CA323182B}
		{329D21BE-DF93-41A3-BDD3-8FF1B10729B0} = {3C335BD1-4C31-4235-A8B5-721CA323182B}
	EndGlobalSection
	GlobalSection(SolutionConfigurationPlatforms) = preSolution
		Debug|Any CPU = Debug|Any CPU
		Release|Any CPU = Release|Any CPU
	EndGlobalSection
	GlobalSection(ProjectConfigurationPlatforms) = postSolution
		{F7CDF211-0B34-42C3-AA6E-783EB7D2F770}.Debug|Any CPU.ActiveCfg = Debug|Any CPU
		{F7CDF211-0B34-42C3-AA6E-783EB7D2F770}.Debug|Any CPU.Build.0 = Debug|Any CPU
		{F7CDF211-0B34-42C3-AA6E-783EB7D2F770}.Release|Any CPU.ActiveCfg = Release|Any CPU
		{F7CDF211-0B34-42C3-AA6E-783EB7D2F770}.Release|Any CPU.Build.0 = Release|Any CPU
		{D5B9E197-B4A8-4DA6-A24F-75AF3A130161}.Debug|Any CPU.ActiveCfg = Debug|Any CPU
		{D5B9E197-B4A8-4DA6-A24F-75AF3A130161}.Debug|Any CPU.Build.0 = Debug|Any CPU
		{D5B9E197-B4A8-4DA6-A24F-75AF3A130161}.Release|Any CPU.ActiveCfg = Release|Any CPU
		{D5B9E197-B4A8-4DA6-A24F-75AF3A130161}.Release|Any CPU.Build.0 = Release|Any CPU
		{AE5F6A36-EA23-4722-B80C-334428C4BA68}.Debug|Any CPU.ActiveCfg = Debug|Any CPU
		{AE5F6A36-EA23-4722-B80C-334428C4BA68}.Debug|Any CPU.Build.0 = Debug|Any CPU
		{AE5F6A36-EA23-4722-B80C-334428C4BA68}.Release|Any CPU.ActiveCfg = Release|Any CPU
		{AE5F6A36-EA23-4722-B80C-334428C4BA68}.Release|Any CPU.Build.0 = Release|Any CPU
		{42661E5E-CD87-4A91-BDDE-B7B79B21C05C}.Debug|Any CPU.ActiveCfg = Debug|Any CPU
		{42661E5E-CD87-4A91-BDDE-B7B79B21C05C}.Debug|Any CPU.Build.0 = Debug|Any CPU
		{42661E5E-CD87-4A91-BDDE-B7B79B21C05C}.Release|Any CPU.ActiveCfg = Release|Any CPU
		{42661E5E-CD87-4A91-BDDE-B7B79B21C05C}.Release|Any CPU.Build.0 = Release|Any CPU
		{BB4F1B96-FC2C-4FF3-9741-102254EA4B5B}.Debug|Any CPU.ActiveCfg = Debug|Any CPU
		{BB4F1B96-FC2C-4FF3-9741-102254EA4B5B}.Debug|Any CPU.Build.0 = Debug|Any CPU
		{BB4F1B96-FC2C-4FF3-9741-102254EA4B5B}.Release|Any CPU.ActiveCfg = Release|Any CPU
		{BB4F1B96-FC2C-4FF3-9741-102254EA4B5B}.Release|Any CPU.Build.0 = Release|Any CPU
		{AAE2E067-9A75-4D91-A8FA-399B29FE98FB}.Debug|Any CPU.ActiveCfg = Debug|Any CPU
		{AAE2E067-9A75-4D91-A8FA-399B29FE98FB}.Debug|Any CPU.Build.0 = Debug|Any CPU
		{AAE2E067-9A75-4D91-A8FA-399B29FE98FB}.Release|Any CPU.ActiveCfg = Release|Any CPU
		{AAE2E067-9A75-4D91-A8FA-399B29FE98FB}.Release|Any CPU.Build.0 = Release|Any CPU
		{AD71F306-D3C9-4556-88C3-D6EB7005C371}.Debug|Any CPU.ActiveCfg = Debug|Any CPU
		{AD71F306-D3C9-4556-88C3-D6EB7005C371}.Debug|Any CPU.Build.0 = Debug|Any CPU
		{AD71F306-D3C9-4556-88C3-D6EB7005C371}.Release|Any CPU.ActiveCfg = Release|Any CPU
		{AD71F306-D3C9-4556-88C3-D6EB7005C371}.Release|Any CPU.Build.0 = Release|Any CPU
		{9C59AE3A-2753-4253-8478-741FC718F09B}.Debug|Any CPU.ActiveCfg = Debug|Any CPU
		{9C59AE3A-2753-4253-8478-741FC718F09B}.Debug|Any CPU.Build.0 = Debug|Any CPU
		{9C59AE3A-2753-4253-8478-741FC718F09B}.Release|Any CPU.ActiveCfg = Release|Any CPU
		{9C59AE3A-2753-4253-8478-741FC718F09B}.Release|Any CPU.Build.0 = Release|Any CPU
		{4685BAC8-C6CC-40F5-8CDF-69617AF738DE}.Debug|Any CPU.ActiveCfg = Debug|Any CPU
		{4685BAC8-C6CC-40F5-8CDF-69617AF738DE}.Debug|Any CPU.Build.0 = Debug|Any CPU
		{4685BAC8-C6CC-40F5-8CDF-69617AF738DE}.Release|Any CPU.ActiveCfg = Release|Any CPU
		{4685BAC8-C6CC-40F5-8CDF-69617AF738DE}.Release|Any CPU.Build.0 = Release|Any CPU
		{5270490E-5D5A-4D5C-9148-0D12FE6ECEE8}.Debug|Any CPU.ActiveCfg = Debug|Any CPU
		{5270490E-5D5A-4D5C-9148-0D12FE6ECEE8}.Debug|Any CPU.Build.0 = Debug|Any CPU
		{5270490E-5D5A-4D5C-9148-0D12FE6ECEE8}.Release|Any CPU.ActiveCfg = Release|Any CPU
		{5270490E-5D5A-4D5C-9148-0D12FE6ECEE8}.Release|Any CPU.Build.0 = Release|Any CPU
		{6B5C70E7-6618-46C0-B51B-977C1D4BC5B5}.Debug|Any CPU.ActiveCfg = Debug|Any CPU
		{6B5C70E7-6618-46C0-B51B-977C1D4BC5B5}.Debug|Any CPU.Build.0 = Debug|Any CPU
		{6B5C70E7-6618-46C0-B51B-977C1D4BC5B5}.Release|Any CPU.ActiveCfg = Release|Any CPU
		{6B5C70E7-6618-46C0-B51B-977C1D4BC5B5}.Release|Any CPU.Build.0 = Release|Any CPU
		{836CE1AE-CB4F-432D-B8C4-D10435B2A192}.Debug|Any CPU.ActiveCfg = Debug|Any CPU
		{836CE1AE-CB4F-432D-B8C4-D10435B2A192}.Debug|Any CPU.Build.0 = Debug|Any CPU
		{836CE1AE-CB4F-432D-B8C4-D10435B2A192}.Release|Any CPU.ActiveCfg = Release|Any CPU
		{836CE1AE-CB4F-432D-B8C4-D10435B2A192}.Release|Any CPU.Build.0 = Release|Any CPU
		{0B031407-7552-4927-B07E-B3FFF8FAB378}.Debug|Any CPU.ActiveCfg = Debug|Any CPU
		{0B031407-7552-4927-B07E-B3FFF8FAB378}.Debug|Any CPU.Build.0 = Debug|Any CPU
		{0B031407-7552-4927-B07E-B3FFF8FAB378}.Release|Any CPU.ActiveCfg = Release|Any CPU
		{0B031407-7552-4927-B07E-B3FFF8FAB378}.Release|Any CPU.Build.0 = Release|Any CPU
		{89D4437B-6818-4A0D-8F88-8498E546D85D}.Debug|Any CPU.ActiveCfg = Debug|Any CPU
		{89D4437B-6818-4A0D-8F88-8498E546D85D}.Debug|Any CPU.Build.0 = Debug|Any CPU
		{89D4437B-6818-4A0D-8F88-8498E546D85D}.Release|Any CPU.ActiveCfg = Release|Any CPU
		{89D4437B-6818-4A0D-8F88-8498E546D85D}.Release|Any CPU.Build.0 = Release|Any CPU
		{8C9C3901-AA2A-4D09-9AFD-FED02B9AB1A3}.Debug|Any CPU.ActiveCfg = Debug|Any CPU
		{8C9C3901-AA2A-4D09-9AFD-FED02B9AB1A3}.Debug|Any CPU.Build.0 = Debug|Any CPU
		{8C9C3901-AA2A-4D09-9AFD-FED02B9AB1A3}.Release|Any CPU.ActiveCfg = Release|Any CPU
		{8C9C3901-AA2A-4D09-9AFD-FED02B9AB1A3}.Release|Any CPU.Build.0 = Release|Any CPU
		{25B54B7B-3C8B-4D66-BE80-258ADFB82E31}.Debug|Any CPU.ActiveCfg = Debug|Any CPU
		{25B54B7B-3C8B-4D66-BE80-258ADFB82E31}.Debug|Any CPU.Build.0 = Debug|Any CPU
		{25B54B7B-3C8B-4D66-BE80-258ADFB82E31}.Release|Any CPU.ActiveCfg = Release|Any CPU
		{25B54B7B-3C8B-4D66-BE80-258ADFB82E31}.Release|Any CPU.Build.0 = Release|Any CPU
		{10847600-F59F-4AE0-B687-2F855E29ADDE}.Debug|Any CPU.ActiveCfg = Debug|Any CPU
		{10847600-F59F-4AE0-B687-2F855E29ADDE}.Debug|Any CPU.Build.0 = Debug|Any CPU
		{10847600-F59F-4AE0-B687-2F855E29ADDE}.Release|Any CPU.ActiveCfg = Release|Any CPU
		{10847600-F59F-4AE0-B687-2F855E29ADDE}.Release|Any CPU.Build.0 = Release|Any CPU
		{E653E964-82BA-47C0-951D-AB538D42AC77}.Debug|Any CPU.ActiveCfg = Debug|Any CPU
		{E653E964-82BA-47C0-951D-AB538D42AC77}.Debug|Any CPU.Build.0 = Debug|Any CPU
		{E653E964-82BA-47C0-951D-AB538D42AC77}.Release|Any CPU.ActiveCfg = Release|Any CPU
		{E653E964-82BA-47C0-951D-AB538D42AC77}.Release|Any CPU.Build.0 = Release|Any CPU
		{9C905DB5-0F13-4D10-9DCF-2C798FE97957}.Debug|Any CPU.ActiveCfg = Debug|Any CPU
		{9C905DB5-0F13-4D10-9DCF-2C798FE97957}.Debug|Any CPU.Build.0 = Debug|Any CPU
		{9C905DB5-0F13-4D10-9DCF-2C798FE97957}.Release|Any CPU.ActiveCfg = Release|Any CPU
		{9C905DB5-0F13-4D10-9DCF-2C798FE97957}.Release|Any CPU.Build.0 = Release|Any CPU
		{DB5434D0-43BF-4A97-975B-B181AD944470}.Debug|Any CPU.ActiveCfg = Debug|Any CPU
		{DB5434D0-43BF-4A97-975B-B181AD944470}.Debug|Any CPU.Build.0 = Debug|Any CPU
		{DB5434D0-43BF-4A97-975B-B181AD944470}.Release|Any CPU.ActiveCfg = Release|Any CPU
		{DB5434D0-43BF-4A97-975B-B181AD944470}.Release|Any CPU.Build.0 = Release|Any CPU
		{A768643B-3447-436A-A1FD-7254EF4E9570}.Debug|Any CPU.ActiveCfg = Debug|Any CPU
		{A768643B-3447-436A-A1FD-7254EF4E9570}.Debug|Any CPU.Build.0 = Debug|Any CPU
		{A768643B-3447-436A-A1FD-7254EF4E9570}.Release|Any CPU.ActiveCfg = Release|Any CPU
		{A768643B-3447-436A-A1FD-7254EF4E9570}.Release|Any CPU.Build.0 = Release|Any CPU
		{F52559FB-0D5D-4C19-BB3A-C61FB4A5E68E}.Debug|Any CPU.ActiveCfg = Debug|Any CPU
		{F52559FB-0D5D-4C19-BB3A-C61FB4A5E68E}.Debug|Any CPU.Build.0 = Debug|Any CPU
		{F52559FB-0D5D-4C19-BB3A-C61FB4A5E68E}.Release|Any CPU.ActiveCfg = Release|Any CPU
		{F52559FB-0D5D-4C19-BB3A-C61FB4A5E68E}.Release|Any CPU.Build.0 = Release|Any CPU
		{430221E5-0316-4068-ACBA-886A830FE909}.Debug|Any CPU.ActiveCfg = Debug|Any CPU
		{430221E5-0316-4068-ACBA-886A830FE909}.Debug|Any CPU.Build.0 = Debug|Any CPU
		{430221E5-0316-4068-ACBA-886A830FE909}.Release|Any CPU.ActiveCfg = Release|Any CPU
		{430221E5-0316-4068-ACBA-886A830FE909}.Release|Any CPU.Build.0 = Release|Any CPU
		{CBE59DCC-E2F3-4A2D-9E16-8857AC30EA2A}.Debug|Any CPU.ActiveCfg = Debug|Any CPU
		{CBE59DCC-E2F3-4A2D-9E16-8857AC30EA2A}.Debug|Any CPU.Build.0 = Debug|Any CPU
		{CBE59DCC-E2F3-4A2D-9E16-8857AC30EA2A}.Release|Any CPU.ActiveCfg = Release|Any CPU
		{CBE59DCC-E2F3-4A2D-9E16-8857AC30EA2A}.Release|Any CPU.Build.0 = Release|Any CPU
		{44B90BCD-A081-47B7-A52B-93D55112B9C0}.Debug|Any CPU.ActiveCfg = Debug|Any CPU
		{44B90BCD-A081-47B7-A52B-93D55112B9C0}.Debug|Any CPU.Build.0 = Debug|Any CPU
		{44B90BCD-A081-47B7-A52B-93D55112B9C0}.Release|Any CPU.ActiveCfg = Release|Any CPU
		{44B90BCD-A081-47B7-A52B-93D55112B9C0}.Release|Any CPU.Build.0 = Release|Any CPU
		{570E3A59-3850-4F29-B084-00650A0235FC}.Debug|Any CPU.ActiveCfg = Debug|Any CPU
		{570E3A59-3850-4F29-B084-00650A0235FC}.Debug|Any CPU.Build.0 = Debug|Any CPU
		{570E3A59-3850-4F29-B084-00650A0235FC}.Release|Any CPU.ActiveCfg = Release|Any CPU
		{570E3A59-3850-4F29-B084-00650A0235FC}.Release|Any CPU.Build.0 = Release|Any CPU
		{24AD225B-E775-4FDA-B031-49CE224A0044}.Debug|Any CPU.ActiveCfg = Debug|Any CPU
		{24AD225B-E775-4FDA-B031-49CE224A0044}.Debug|Any CPU.Build.0 = Debug|Any CPU
		{24AD225B-E775-4FDA-B031-49CE224A0044}.Release|Any CPU.ActiveCfg = Release|Any CPU
		{24AD225B-E775-4FDA-B031-49CE224A0044}.Release|Any CPU.Build.0 = Release|Any CPU
		{4C1E023D-F026-44EE-BE99-E20E561ED4C3}.Debug|Any CPU.ActiveCfg = Debug|Any CPU
		{4C1E023D-F026-44EE-BE99-E20E561ED4C3}.Debug|Any CPU.Build.0 = Debug|Any CPU
		{4C1E023D-F026-44EE-BE99-E20E561ED4C3}.Release|Any CPU.ActiveCfg = Release|Any CPU
		{4C1E023D-F026-44EE-BE99-E20E561ED4C3}.Release|Any CPU.Build.0 = Release|Any CPU
		{80F25329-1236-4E2F-9A77-7E01F6F81D6B}.Debug|Any CPU.ActiveCfg = Debug|Any CPU
		{80F25329-1236-4E2F-9A77-7E01F6F81D6B}.Debug|Any CPU.Build.0 = Debug|Any CPU
		{80F25329-1236-4E2F-9A77-7E01F6F81D6B}.Release|Any CPU.ActiveCfg = Release|Any CPU
		{80F25329-1236-4E2F-9A77-7E01F6F81D6B}.Release|Any CPU.Build.0 = Release|Any CPU
		{A4D1296B-BC9A-4EF3-9325-515C3FB03C83}.Debug|Any CPU.ActiveCfg = Debug|Any CPU
		{A4D1296B-BC9A-4EF3-9325-515C3FB03C83}.Debug|Any CPU.Build.0 = Debug|Any CPU
		{A4D1296B-BC9A-4EF3-9325-515C3FB03C83}.Release|Any CPU.ActiveCfg = Release|Any CPU
		{A4D1296B-BC9A-4EF3-9325-515C3FB03C83}.Release|Any CPU.Build.0 = Release|Any CPU
		{FE43939C-80D9-437B-8672-17FC60487CBC}.Debug|Any CPU.ActiveCfg = Debug|Any CPU
		{FE43939C-80D9-437B-8672-17FC60487CBC}.Debug|Any CPU.Build.0 = Debug|Any CPU
		{FE43939C-80D9-437B-8672-17FC60487CBC}.Release|Any CPU.ActiveCfg = Release|Any CPU
		{FE43939C-80D9-437B-8672-17FC60487CBC}.Release|Any CPU.Build.0 = Release|Any CPU
		{F8A68C8A-2784-424A-99AC-7525FE21BB31}.Debug|Any CPU.ActiveCfg = Debug|Any CPU
		{F8A68C8A-2784-424A-99AC-7525FE21BB31}.Debug|Any CPU.Build.0 = Debug|Any CPU
		{F8A68C8A-2784-424A-99AC-7525FE21BB31}.Release|Any CPU.ActiveCfg = Release|Any CPU
		{F8A68C8A-2784-424A-99AC-7525FE21BB31}.Release|Any CPU.Build.0 = Release|Any CPU
		{4414C317-8078-4A67-B8CF-767EA082CA37}.Debug|Any CPU.ActiveCfg = Debug|Any CPU
		{4414C317-8078-4A67-B8CF-767EA082CA37}.Debug|Any CPU.Build.0 = Debug|Any CPU
		{4414C317-8078-4A67-B8CF-767EA082CA37}.Release|Any CPU.ActiveCfg = Release|Any CPU
		{4414C317-8078-4A67-B8CF-767EA082CA37}.Release|Any CPU.Build.0 = Release|Any CPU
		{734FCE6C-C628-4EA8-A62E-DEA4A7EC6421}.Debug|Any CPU.ActiveCfg = Debug|Any CPU
		{734FCE6C-C628-4EA8-A62E-DEA4A7EC6421}.Debug|Any CPU.Build.0 = Debug|Any CPU
		{734FCE6C-C628-4EA8-A62E-DEA4A7EC6421}.Release|Any CPU.ActiveCfg = Release|Any CPU
		{734FCE6C-C628-4EA8-A62E-DEA4A7EC6421}.Release|Any CPU.Build.0 = Release|Any CPU
		{C64CC13E-C98B-4DA1-8751-62673CB7D578}.Debug|Any CPU.ActiveCfg = Debug|Any CPU
		{C64CC13E-C98B-4DA1-8751-62673CB7D578}.Debug|Any CPU.Build.0 = Debug|Any CPU
		{C64CC13E-C98B-4DA1-8751-62673CB7D578}.Release|Any CPU.ActiveCfg = Release|Any CPU
		{C64CC13E-C98B-4DA1-8751-62673CB7D578}.Release|Any CPU.Build.0 = Release|Any CPU
		{15850E21-0E0B-43CD-9FF2-81D846014198}.Debug|Any CPU.ActiveCfg = Debug|Any CPU
		{15850E21-0E0B-43CD-9FF2-81D846014198}.Debug|Any CPU.Build.0 = Debug|Any CPU
		{15850E21-0E0B-43CD-9FF2-81D846014198}.Release|Any CPU.ActiveCfg = Release|Any CPU
		{15850E21-0E0B-43CD-9FF2-81D846014198}.Release|Any CPU.Build.0 = Release|Any CPU
		{A9EFAEFF-3EC7-420C-BE21-800BDF9E4220}.Debug|Any CPU.ActiveCfg = Debug|Any CPU
		{A9EFAEFF-3EC7-420C-BE21-800BDF9E4220}.Debug|Any CPU.Build.0 = Debug|Any CPU
		{A9EFAEFF-3EC7-420C-BE21-800BDF9E4220}.Release|Any CPU.ActiveCfg = Release|Any CPU
		{A9EFAEFF-3EC7-420C-BE21-800BDF9E4220}.Release|Any CPU.Build.0 = Release|Any CPU
		{157401CD-E058-4218-A856-530136FE6E63}.Debug|Any CPU.ActiveCfg = Debug|Any CPU
		{157401CD-E058-4218-A856-530136FE6E63}.Debug|Any CPU.Build.0 = Debug|Any CPU
		{157401CD-E058-4218-A856-530136FE6E63}.Release|Any CPU.ActiveCfg = Release|Any CPU
		{157401CD-E058-4218-A856-530136FE6E63}.Release|Any CPU.Build.0 = Release|Any CPU
		{D8BFD04F-EC85-4D9A-9D25-5CA3818387A3}.Debug|Any CPU.ActiveCfg = Debug|Any CPU
		{D8BFD04F-EC85-4D9A-9D25-5CA3818387A3}.Debug|Any CPU.Build.0 = Debug|Any CPU
		{D8BFD04F-EC85-4D9A-9D25-5CA3818387A3}.Release|Any CPU.ActiveCfg = Release|Any CPU
		{D8BFD04F-EC85-4D9A-9D25-5CA3818387A3}.Release|Any CPU.Build.0 = Release|Any CPU
		{6FE90FAD-73B5-44AD-AFFB-397E7540FEE2}.Debug|Any CPU.ActiveCfg = Debug|Any CPU
		{6FE90FAD-73B5-44AD-AFFB-397E7540FEE2}.Debug|Any CPU.Build.0 = Debug|Any CPU
		{6FE90FAD-73B5-44AD-AFFB-397E7540FEE2}.Release|Any CPU.ActiveCfg = Release|Any CPU
		{6FE90FAD-73B5-44AD-AFFB-397E7540FEE2}.Release|Any CPU.Build.0 = Release|Any CPU
		{4DA9957F-FCF0-4566-8436-2F5D07D77F25}.Debug|Any CPU.ActiveCfg = Debug|Any CPU
		{4DA9957F-FCF0-4566-8436-2F5D07D77F25}.Debug|Any CPU.Build.0 = Debug|Any CPU
		{4DA9957F-FCF0-4566-8436-2F5D07D77F25}.Release|Any CPU.ActiveCfg = Release|Any CPU
		{4DA9957F-FCF0-4566-8436-2F5D07D77F25}.Release|Any CPU.Build.0 = Release|Any CPU
		{3282ABC5-6964-4648-A10B-9137019831C3}.Debug|Any CPU.ActiveCfg = Debug|Any CPU
		{3282ABC5-6964-4648-A10B-9137019831C3}.Debug|Any CPU.Build.0 = Debug|Any CPU
		{3282ABC5-6964-4648-A10B-9137019831C3}.Release|Any CPU.ActiveCfg = Release|Any CPU
		{3282ABC5-6964-4648-A10B-9137019831C3}.Release|Any CPU.Build.0 = Release|Any CPU
		{4C850A59-83DD-4A8C-BF05-962A555E534A}.Debug|Any CPU.ActiveCfg = Debug|Any CPU
		{4C850A59-83DD-4A8C-BF05-962A555E534A}.Debug|Any CPU.Build.0 = Debug|Any CPU
		{4C850A59-83DD-4A8C-BF05-962A555E534A}.Release|Any CPU.ActiveCfg = Release|Any CPU
		{4C850A59-83DD-4A8C-BF05-962A555E534A}.Release|Any CPU.Build.0 = Release|Any CPU
		{053DB588-2D87-4DF5-8151-DE3BF0DC5B95}.Debug|Any CPU.ActiveCfg = Debug|Any CPU
		{053DB588-2D87-4DF5-8151-DE3BF0DC5B95}.Debug|Any CPU.Build.0 = Debug|Any CPU
		{053DB588-2D87-4DF5-8151-DE3BF0DC5B95}.Release|Any CPU.ActiveCfg = Release|Any CPU
		{053DB588-2D87-4DF5-8151-DE3BF0DC5B95}.Release|Any CPU.Build.0 = Release|Any CPU
		{0E712106-F00B-4543-AB7F-7753F60A8539}.Debug|Any CPU.ActiveCfg = Debug|Any CPU
		{0E712106-F00B-4543-AB7F-7753F60A8539}.Debug|Any CPU.Build.0 = Debug|Any CPU
		{0E712106-F00B-4543-AB7F-7753F60A8539}.Release|Any CPU.ActiveCfg = Release|Any CPU
		{0E712106-F00B-4543-AB7F-7753F60A8539}.Release|Any CPU.Build.0 = Release|Any CPU
		{1C0C1A8D-6E31-4F4A-86FF-27BABA3EC0A0}.Debug|Any CPU.ActiveCfg = Debug|Any CPU
		{1C0C1A8D-6E31-4F4A-86FF-27BABA3EC0A0}.Debug|Any CPU.Build.0 = Debug|Any CPU
		{1C0C1A8D-6E31-4F4A-86FF-27BABA3EC0A0}.Release|Any CPU.ActiveCfg = Release|Any CPU
		{1C0C1A8D-6E31-4F4A-86FF-27BABA3EC0A0}.Release|Any CPU.Build.0 = Release|Any CPU
		{0685C714-EDFF-4D56-9BA3-453EE0962F69}.Debug|Any CPU.ActiveCfg = Debug|Any CPU
		{0685C714-EDFF-4D56-9BA3-453EE0962F69}.Debug|Any CPU.Build.0 = Debug|Any CPU
		{0685C714-EDFF-4D56-9BA3-453EE0962F69}.Release|Any CPU.ActiveCfg = Release|Any CPU
		{0685C714-EDFF-4D56-9BA3-453EE0962F69}.Release|Any CPU.Build.0 = Release|Any CPU
		{E02BC4C3-E7E9-4A60-8534-90EF9C2E1BEF}.Debug|Any CPU.ActiveCfg = Debug|Any CPU
		{E02BC4C3-E7E9-4A60-8534-90EF9C2E1BEF}.Debug|Any CPU.Build.0 = Debug|Any CPU
		{E02BC4C3-E7E9-4A60-8534-90EF9C2E1BEF}.Release|Any CPU.ActiveCfg = Release|Any CPU
		{E02BC4C3-E7E9-4A60-8534-90EF9C2E1BEF}.Release|Any CPU.Build.0 = Release|Any CPU
		{1EE8F977-6927-42C1-BDB9-C914E1E16142}.Debug|Any CPU.ActiveCfg = Debug|Any CPU
		{1EE8F977-6927-42C1-BDB9-C914E1E16142}.Debug|Any CPU.Build.0 = Debug|Any CPU
		{1EE8F977-6927-42C1-BDB9-C914E1E16142}.Release|Any CPU.ActiveCfg = Release|Any CPU
		{1EE8F977-6927-42C1-BDB9-C914E1E16142}.Release|Any CPU.Build.0 = Release|Any CPU
		{9ED2B4B1-7995-4327-B3B9-2B65C788B71B}.Debug|Any CPU.ActiveCfg = Debug|Any CPU
		{9ED2B4B1-7995-4327-B3B9-2B65C788B71B}.Debug|Any CPU.Build.0 = Debug|Any CPU
		{9ED2B4B1-7995-4327-B3B9-2B65C788B71B}.Release|Any CPU.ActiveCfg = Release|Any CPU
		{9ED2B4B1-7995-4327-B3B9-2B65C788B71B}.Release|Any CPU.Build.0 = Release|Any CPU
		{FE9102C4-4D1B-4B46-AC5E-7DD957CFB30B}.Debug|Any CPU.ActiveCfg = Debug|Any CPU
		{FE9102C4-4D1B-4B46-AC5E-7DD957CFB30B}.Debug|Any CPU.Build.0 = Debug|Any CPU
		{FE9102C4-4D1B-4B46-AC5E-7DD957CFB30B}.Release|Any CPU.ActiveCfg = Release|Any CPU
		{FE9102C4-4D1B-4B46-AC5E-7DD957CFB30B}.Release|Any CPU.Build.0 = Release|Any CPU
		{FE637866-197D-471B-8C9D-04B85BADBE81}.Debug|Any CPU.ActiveCfg = Debug|Any CPU
		{FE637866-197D-471B-8C9D-04B85BADBE81}.Debug|Any CPU.Build.0 = Debug|Any CPU
		{FE637866-197D-471B-8C9D-04B85BADBE81}.Release|Any CPU.ActiveCfg = Release|Any CPU
		{FE637866-197D-471B-8C9D-04B85BADBE81}.Release|Any CPU.Build.0 = Release|Any CPU
		{DFF4FCE6-CB41-4AB3-9D4A-654D7B208E8E}.Debug|Any CPU.ActiveCfg = Debug|Any CPU
		{DFF4FCE6-CB41-4AB3-9D4A-654D7B208E8E}.Debug|Any CPU.Build.0 = Debug|Any CPU
		{DFF4FCE6-CB41-4AB3-9D4A-654D7B208E8E}.Release|Any CPU.ActiveCfg = Release|Any CPU
		{DFF4FCE6-CB41-4AB3-9D4A-654D7B208E8E}.Release|Any CPU.Build.0 = Release|Any CPU
		{942E1936-8DE4-4B0C-A2C0-F85FA4AD5696}.Debug|Any CPU.ActiveCfg = Debug|Any CPU
		{942E1936-8DE4-4B0C-A2C0-F85FA4AD5696}.Debug|Any CPU.Build.0 = Debug|Any CPU
		{942E1936-8DE4-4B0C-A2C0-F85FA4AD5696}.Release|Any CPU.ActiveCfg = Release|Any CPU
		{942E1936-8DE4-4B0C-A2C0-F85FA4AD5696}.Release|Any CPU.Build.0 = Release|Any CPU
		{1E7BA711-81F6-42F2-BB49-45979F9B8B58}.Debug|Any CPU.ActiveCfg = Debug|Any CPU
		{1E7BA711-81F6-42F2-BB49-45979F9B8B58}.Debug|Any CPU.Build.0 = Debug|Any CPU
		{1E7BA711-81F6-42F2-BB49-45979F9B8B58}.Release|Any CPU.ActiveCfg = Release|Any CPU
		{1E7BA711-81F6-42F2-BB49-45979F9B8B58}.Release|Any CPU.Build.0 = Release|Any CPU
		{8E6753CE-86B1-4DC6-BFF0-3DC42FF5F19F}.Debug|Any CPU.ActiveCfg = Debug|Any CPU
		{8E6753CE-86B1-4DC6-BFF0-3DC42FF5F19F}.Debug|Any CPU.Build.0 = Debug|Any CPU
		{8E6753CE-86B1-4DC6-BFF0-3DC42FF5F19F}.Release|Any CPU.ActiveCfg = Release|Any CPU
		{8E6753CE-86B1-4DC6-BFF0-3DC42FF5F19F}.Release|Any CPU.Build.0 = Release|Any CPU
		{FC843A30-A492-4DA8-9851-26E349B6C3EA}.Debug|Any CPU.ActiveCfg = Debug|Any CPU
		{FC843A30-A492-4DA8-9851-26E349B6C3EA}.Debug|Any CPU.Build.0 = Debug|Any CPU
		{FC843A30-A492-4DA8-9851-26E349B6C3EA}.Release|Any CPU.ActiveCfg = Release|Any CPU
		{FC843A30-A492-4DA8-9851-26E349B6C3EA}.Release|Any CPU.Build.0 = Release|Any CPU
		{329D21BE-DF93-41A3-BDD3-8FF1B10729B0}.Debug|Any CPU.ActiveCfg = Debug|Any CPU
		{329D21BE-DF93-41A3-BDD3-8FF1B10729B0}.Debug|Any CPU.Build.0 = Debug|Any CPU
		{329D21BE-DF93-41A3-BDD3-8FF1B10729B0}.Release|Any CPU.ActiveCfg = Release|Any CPU
		{329D21BE-DF93-41A3-BDD3-8FF1B10729B0}.Release|Any CPU.Build.0 = Release|Any CPU
	EndGlobalSection
	GlobalSection(SolutionProperties) = preSolution
		HideSolutionNode = FALSE
	EndGlobalSection
	GlobalSection(ExtensibilityGlobals) = postSolution
		SolutionGuid = {A22A44FD-77F2-4C86-BDC8-9104213A6146}
	EndGlobalSection
EndGlobal
