
Microsoft Visual Studio Solution File, Format Version 12.00
# Visual Studio Version 17
VisualStudioVersion = 17.2.32630.192
MinimumVisualStudioVersion = 10.0.40219.1
Project("{9A19103F-16F7-4668-BE54-9A1E7A4F7556}") = "R5T.Z0043", "R5T.Z0043\R5T.Z0043.csproj", "{F6369152-1A5E-48D5-A835-6E5DB4134754}"
EndProject
Project("{2150E333-8FDC-42A3-9474-1A3956D46DE8}") = "_Dependencies", "_Dependencies", "{930EBBDA-C41D-4799-BCB7-7FC04570B4DA}"
EndProject
Project("{9A19103F-16F7-4668-BE54-9A1E7A4F7556}") = "R5T.T0132", "..\..\R5T.T0132\source\R5T.T0132\R5T.T0132.csproj", "{9C888983-16A8-48BD-8EB0-2F5E0195756E}"
EndProject
Project("{9A19103F-16F7-4668-BE54-9A1E7A4F7556}") = "R5T.T0143", "..\..\R5T.T0143\source\R5T.T0143\R5T.T0143.csproj", "{F8E27A5F-5BAC-450C-A15D-F1D2F944059E}"
EndProject
Project("{9A19103F-16F7-4668-BE54-9A1E7A4F7556}") = "R5T.T0178", "..\..\R5T.T0178\source\R5T.T0178\R5T.T0178.csproj", "{06E705FD-7618-4073-BF01-9F10B6D37E69}"
EndProject
Project("{9A19103F-16F7-4668-BE54-9A1E7A4F7556}") = "R5T.T0179", "..\..\R5T.T0179\source\R5T.T0179\R5T.T0179.csproj", "{BAC13935-B800-44A6-B411-C02E402D37F8}"
EndProject
Project("{9A19103F-16F7-4668-BE54-9A1E7A4F7556}") = "R5T.T0184", "..\..\R5T.T0184\source\R5T.T0184\R5T.T0184.csproj", "{838F5727-9691-4A9C-B9E5-CCA707F28727}"
EndProject
Project("{9A19103F-16F7-4668-BE54-9A1E7A4F7556}") = "R5T.T0185", "..\..\R5T.T0185\source\R5T.T0185\R5T.T0185.csproj", "{3D7165AE-9CFB-4389-AB6B-55DE0C4ABFC0}"
EndProject
Project("{9A19103F-16F7-4668-BE54-9A1E7A4F7556}") = "R5T.T0186", "..\..\R5T.T0186\source\R5T.T0186\R5T.T0186.csproj", "{CF988E05-ADDA-4B20-A43B-135BA164E9C7}"
EndProject
Project("{9A19103F-16F7-4668-BE54-9A1E7A4F7556}") = "R5T.T0131", "..\..\R5T.T0131\source\R5T.T0131\R5T.T0131.csproj", "{E189436C-9942-4D73-ACC8-C103F94E0F38}"
EndProject
Global
	GlobalSection(NestedProjects) = preSolution
		{9C888983-16A8-48BD-8EB0-2F5E0195756E} = {930EBBDA-C41D-4799-BCB7-7FC04570B4DA}
		{F8E27A5F-5BAC-450C-A15D-F1D2F944059E} = {930EBBDA-C41D-4799-BCB7-7FC04570B4DA}
		{06E705FD-7618-4073-BF01-9F10B6D37E69} = {930EBBDA-C41D-4799-BCB7-7FC04570B4DA}
		{BAC13935-B800-44A6-B411-C02E402D37F8} = {930EBBDA-C41D-4799-BCB7-7FC04570B4DA}
		{838F5727-9691-4A9C-B9E5-CCA707F28727} = {930EBBDA-C41D-4799-BCB7-7FC04570B4DA}
		{3D7165AE-9CFB-4389-AB6B-55DE0C4ABFC0} = {930EBBDA-C41D-4799-BCB7-7FC04570B4DA}
		{CF988E05-ADDA-4B20-A43B-135BA164E9C7} = {930EBBDA-C41D-4799-BCB7-7FC04570B4DA}
		{E189436C-9942-4D73-ACC8-C103F94E0F38} = {930EBBDA-C41D-4799-BCB7-7FC04570B4DA}
	EndGlobalSection
	GlobalSection(SolutionConfigurationPlatforms) = preSolution
		Debug|Any CPU = Debug|Any CPU
		Release|Any CPU = Release|Any CPU
	EndGlobalSection
	GlobalSection(ProjectConfigurationPlatforms) = postSolution
		{F6369152-1A5E-48D5-A835-6E5DB4134754}.Debug|Any CPU.ActiveCfg = Debug|Any CPU
		{F6369152-1A5E-48D5-A835-6E5DB4134754}.Debug|Any CPU.Build.0 = Debug|Any CPU
		{F6369152-1A5E-48D5-A835-6E5DB4134754}.Release|Any CPU.ActiveCfg = Release|Any CPU
		{F6369152-1A5E-48D5-A835-6E5DB4134754}.Release|Any CPU.Build.0 = Release|Any CPU
		{9C888983-16A8-48BD-8EB0-2F5E0195756E}.Debug|Any CPU.ActiveCfg = Debug|Any CPU
		{9C888983-16A8-48BD-8EB0-2F5E0195756E}.Debug|Any CPU.Build.0 = Debug|Any CPU
		{9C888983-16A8-48BD-8EB0-2F5E0195756E}.Release|Any CPU.ActiveCfg = Release|Any CPU
		{9C888983-16A8-48BD-8EB0-2F5E0195756E}.Release|Any CPU.Build.0 = Release|Any CPU
		{F8E27A5F-5BAC-450C-A15D-F1D2F944059E}.Debug|Any CPU.ActiveCfg = Debug|Any CPU
		{F8E27A5F-5BAC-450C-A15D-F1D2F944059E}.Debug|Any CPU.Build.0 = Debug|Any CPU
		{F8E27A5F-5BAC-450C-A15D-F1D2F944059E}.Release|Any CPU.ActiveCfg = Release|Any CPU
		{F8E27A5F-5BAC-450C-A15D-F1D2F944059E}.Release|Any CPU.Build.0 = Release|Any CPU
		{06E705FD-7618-4073-BF01-9F10B6D37E69}.Debug|Any CPU.ActiveCfg = Debug|Any CPU
		{06E705FD-7618-4073-BF01-9F10B6D37E69}.Debug|Any CPU.Build.0 = Debug|Any CPU
		{06E705FD-7618-4073-BF01-9F10B6D37E69}.Release|Any CPU.ActiveCfg = Release|Any CPU
		{06E705FD-7618-4073-BF01-9F10B6D37E69}.Release|Any CPU.Build.0 = Release|Any CPU
		{BAC13935-B800-44A6-B411-C02E402D37F8}.Debug|Any CPU.ActiveCfg = Debug|Any CPU
		{BAC13935-B800-44A6-B411-C02E402D37F8}.Debug|Any CPU.Build.0 = Debug|Any CPU
		{BAC13935-B800-44A6-B411-C02E402D37F8}.Release|Any CPU.ActiveCfg = Release|Any CPU
		{BAC13935-B800-44A6-B411-C02E402D37F8}.Release|Any CPU.Build.0 = Release|Any CPU
		{838F5727-9691-4A9C-B9E5-CCA707F28727}.Debug|Any CPU.ActiveCfg = Debug|Any CPU
		{838F5727-9691-4A9C-B9E5-CCA707F28727}.Debug|Any CPU.Build.0 = Debug|Any CPU
		{838F5727-9691-4A9C-B9E5-CCA707F28727}.Release|Any CPU.ActiveCfg = Release|Any CPU
		{838F5727-9691-4A9C-B9E5-CCA707F28727}.Release|Any CPU.Build.0 = Release|Any CPU
		{3D7165AE-9CFB-4389-AB6B-55DE0C4ABFC0}.Debug|Any CPU.ActiveCfg = Debug|Any CPU
		{3D7165AE-9CFB-4389-AB6B-55DE0C4ABFC0}.Debug|Any CPU.Build.0 = Debug|Any CPU
		{3D7165AE-9CFB-4389-AB6B-55DE0C4ABFC0}.Release|Any CPU.ActiveCfg = Release|Any CPU
		{3D7165AE-9CFB-4389-AB6B-55DE0C4ABFC0}.Release|Any CPU.Build.0 = Release|Any CPU
		{CF988E05-ADDA-4B20-A43B-135BA164E9C7}.Debug|Any CPU.ActiveCfg = Debug|Any CPU
		{CF988E05-ADDA-4B20-A43B-135BA164E9C7}.Debug|Any CPU.Build.0 = Debug|Any CPU
		{CF988E05-ADDA-4B20-A43B-135BA164E9C7}.Release|Any CPU.ActiveCfg = Release|Any CPU
		{CF988E05-ADDA-4B20-A43B-135BA164E9C7}.Release|Any CPU.Build.0 = Release|Any CPU
		{E189436C-9942-4D73-ACC8-C103F94E0F38}.Debug|Any CPU.ActiveCfg = Debug|Any CPU
		{E189436C-9942-4D73-ACC8-C103F94E0F38}.Debug|Any CPU.Build.0 = Debug|Any CPU
		{E189436C-9942-4D73-ACC8-C103F94E0F38}.Release|Any CPU.ActiveCfg = Release|Any CPU
		{E189436C-9942-4D73-ACC8-C103F94E0F38}.Release|Any CPU.Build.0 = Release|Any CPU
	EndGlobalSection
	GlobalSection(SolutionProperties) = preSolution
		HideSolutionNode = FALSE
	EndGlobalSection
	GlobalSection(ExtensibilityGlobals) = postSolution
		SolutionGuid = {82AEE56E-4F18-4066-906C-1613577102FE}
	EndGlobalSection
EndGlobal
